
Microsoft Visual Studio Solution File, Format Version 10.00
# Visual Studio 2008
Project("{FAE04EC0-301F-11D3-BF4B-00C04F79EFBC}") = "LiquidTechnologies.FastInfosetCE", "LiquidTechnologies.FastInfosetCE.csproj", "{AFAEEC93-6579-41FB-91B4-704CA4527BF3}"
EndProject
Global
	GlobalSection(SolutionConfigurationPlatforms) = preSolution
		Debug|Any CPU = Debug|Any CPU
		Release|Any CPU = Release|Any CPU
	EndGlobalSection
	GlobalSection(ProjectConfigurationPlatforms) = postSolution
		{AFAEEC93-6579-41FB-91B4-704CA4527BF3}.Debug|Any CPU.ActiveCfg = Debug|Any CPU
		{AFAEEC93-6579-41FB-91B4-704CA4527BF3}.Debug|Any CPU.Build.0 = Debug|Any CPU
		{AFAEEC93-6579-41FB-91B4-704CA4527BF3}.Release|Any CPU.ActiveCfg = Release|Any CPU
		{AFAEEC93-6579-41FB-91B4-704CA4527BF3}.Release|Any CPU.Build.0 = Release|Any CPU
	EndGlobalSection
	GlobalSection(SolutionProperties) = preSolution
		HideSolutionNode = FALSE
	EndGlobalSection
EndGlobal
